<?xml version="1.0" encoding="UTF-8"?>
<Scheme
   LastUpgradeVersion = "1200"
   version = "1.7">
   <BuildAction
      parallelizeBuildables = "YES"
      buildImplicitDependencies = "YES">
      <BuildActionEntries>
         <BuildActionEntry
            buildForTesting = "YES"
            buildForRunning = "NO"
            buildForProfiling = "NO"
            buildForArchiving = "NO"
            buildForAnalyzing = "NO">
            <BuildableReference
               BuildableIdentifier = "primary"
               BlueprintIdentifier = "08E4FA932462A7D800837339"
               BuildableName = "ExampleTests.xctest"
               BlueprintName = "ExampleTests"
               ReferencedContainer = "container:Example.xcodeproj">
            </BuildableReference>
         </BuildActionEntry>
      </BuildActionEntries>
   </BuildAction>
   <TestAction
      buildConfiguration = "Development"
      selectedDebuggerIdentifier = "Xcode.DebuggerFoundation.Debugger.LLDB"
      selectedLauncherIdentifier = "Xcode.DebuggerFoundation.Launcher.LLDB"
      shouldUseLaunchSchemeArgsEnv = "YES">
      <TestPlans>
         <TestPlanReference
            reference = "container:ExampleTests/Snapshot tests/ExampleSnapshotTests.xctestplan"
            default = "YES">
         </TestPlanReference>
      </TestPlans>
      <Testables>
         <TestableReference
            skipped = "NO">
            <BuildableReference
               BuildableIdentifier = "primary"
               BlueprintIdentifier = "08E4FA932462A7D800837339"
               BuildableName = "ExampleTests.xctest"
               BlueprintName = "ExampleTests"
               ReferencedContainer = "container:Example.xcodeproj">
            </BuildableReference>
            <SkippedTests>
               <Test
                  Identifier = "TestCardBypassing">
               </Test>
               <Test
                  Identifier = "TestCardinalLiveStatus">
               </Test>
               <Test
                  Identifier = "TestCardinalResponse">
               </Test>
               <Test
                  Identifier = "TestCardinalV1Response">
               </Test>
               <Test
                  Identifier = "TestJwtResponseVerification">
               </Test>
               <Test
                  Identifier = "TestRequestTypes">
               </Test>
               <Test
                  Identifier = "TestVisaCardBypass">
               </Test>
            </SkippedTests>
         </TestableReference>
      </Testables>
   </TestAction>
   <LaunchAction
      buildConfiguration = "Development"
      selectedDebuggerIdentifier = "Xcode.DebuggerFoundation.Debugger.LLDB"
      selectedLauncherIdentifier = "Xcode.DebuggerFoundation.Launcher.LLDB"
      launchStyle = "0"
      useCustomWorkingDirectory = "NO"
      ignoresPersistentStateOnLaunch = "NO"
      debugDocumentVersioning = "YES"
      debugServiceExtension = "internal"
      allowLocationSimulation = "YES">
   </LaunchAction>
   <ProfileAction
      buildConfiguration = "Development"
      shouldUseLaunchSchemeArgsEnv = "YES"
      savedToolIdentifier = ""
      useCustomWorkingDirectory = "NO"
      debugDocumentVersioning = "YES">
   </ProfileAction>
   <AnalyzeAction
      buildConfiguration = "Development">
   </AnalyzeAction>
   <ArchiveAction
      buildConfiguration = "Development"
      revealArchiveInOrganizer = "YES">
   </ArchiveAction>
</Scheme>
